{
  "name": "opencode-aicodewith-auth",
  "version": "0.1.34",
  "lockfileVersion": 3,
  "requires": true,
  "packages": {
    "": {
      "name": "opencode-aicodewith-auth",
      "version": "0.1.34",
      "hasInstallScript": true,
      "license": "MIT",
      "dependencies": {
        "@ai-sdk/anthropic": "2.0.56",
        "@ai-sdk/google": "2.0.49",
        "@ai-sdk/openai": "2.0.71",
        "@ai-sdk/provider": "2.0.0",
        "@ai-sdk/provider-utils": "3.0.19"
      },
      "devDependencies": {
        "@types/node": "^22.19.8",
        "typescript": "^5.9.3"
      },
      "peerDependencies": {
        "@opencode-ai/plugin": "^1.0.150"
      }
    },
    "node_modules/@ai-sdk/anthropic": {
      "version": "2.0.56",
      "resolved": "https://registry.npmjs.org/@ai-sdk/anthropic/-/anthropic-2.0.56.tgz",
      "integrity": "sha512-XHJKu0Yvfu9SPzRfsAFESa+9T7f2YJY6TxykKMfRsAwpeWAiX/Gbx5J5uM15AzYC3Rw8tVP3oH+j7jEivENirQ==",
      "license": "Apache-2.0",
      "dependencies": {
        "@ai-sdk/provider": "2.0.0",
        "@ai-sdk/provider-utils": "3.0.19"
      },
      "engines": {
        "node": ">=18"
      },
      "peerDependencies": {
        "zod": "^3.25.76 || ^4.1.8"
      }
    },
    "node_modules/@ai-sdk/google": {
      "version": "2.0.49",
      "resolved": "https://registry.npmjs.org/@ai-sdk/google/-/google-2.0.49.tgz",
      "integrity": "sha512-efwKk4mOV0SpumUaQskeYABk37FJPmEYwoDJQEjyLRmGSjtHRe9P5Cwof5ffLvaFav2IaJpBGEz98pyTs7oNWA==",
      "license": "Apache-2.0",
      "dependencies": {
        "@ai-sdk/provider": "2.0.0",
        "@ai-sdk/provider-utils": "3.0.19"
      },
      "engines": {
        "node": ">=18"
      },
      "peerDependencies": {
        "zod": "^3.25.76 || ^4.1.8"
      }
    },
    "node_modules/@ai-sdk/openai": {
      "version": "2.0.71",
      "resolved": "https://registry.npmjs.org/@ai-sdk/openai/-/openai-2.0.71.tgz",
      "integrity": "sha512-tg+gj+R0z/On9P4V7hy7/7o04cQPjKGayMCL3gzWD/aNGjAKkhEnaocuNDidSnghizt8g2zJn16cAuAolnW+qQ==",
      "license": "Apache-2.0",
      "dependencies": {
        "@ai-sdk/provider": "2.0.0",
        "@ai-sdk/provider-utils": "3.0.17"
      },
      "engines": {
        "node": ">=18"
      },
      "peerDependencies": {
        "zod": "^3.25.76 || ^4.1.8"
      }
    },
    "node_modules/@ai-sdk/openai/node_modules/@ai-sdk/provider-utils": {
      "version": "3.0.17",
      "resolved": "https://registry.npmjs.org/@ai-sdk/provider-utils/-/provider-utils-3.0.17.tgz",
      "integrity": "sha512-TR3Gs4I3Tym4Ll+EPdzRdvo/rc8Js6c4nVhFLuvGLX/Y4V9ZcQMa/HTiYsHEgmYrf1zVi6Q145UEZUfleOwOjw==",
      "license": "Apache-2.0",
      "dependencies": {
        "@ai-sdk/provider": "2.0.0",
        "@standard-schema/spec": "^1.0.0",
        "eventsource-parser": "^3.0.6"
      },
      "engines": {
        "node": ">=18"
      },
      "peerDependencies": {
        "zod": "^3.25.76 || ^4.1.8"
      }
    },
    "node_modules/@ai-sdk/provider": {
      "version": "2.0.0",
      "resolved": "https://registry.npmjs.org/@ai-sdk/provider/-/provider-2.0.0.tgz",
      "integrity": "sha512-6o7Y2SeO9vFKB8lArHXehNuusnpddKPk7xqL7T2/b+OvXMRIXUO1rR4wcv1hAFUAT9avGZshty3Wlua/XA7TvA==",
      "license": "Apache-2.0",
      "dependencies": {
        "json-schema": "^0.4.0"
      },
      "engines": {
        "node": ">=18"
      }
    },
    "node_modules/@ai-sdk/provider-utils": {
      "version": "3.0.19",
      "resolved": "https://registry.npmjs.org/@ai-sdk/provider-utils/-/provider-utils-3.0.19.tgz",
      "integrity": "sha512-W41Wc9/jbUVXVwCN/7bWa4IKe8MtxO3EyA0Hfhx6grnmiYlCvpI8neSYWFE0zScXJkgA/YK3BRybzgyiXuu6JA==",
      "license": "Apache-2.0",
      "dependencies": {
        "@ai-sdk/provider": "2.0.0",
        "@standard-schema/spec": "^1.0.0",
        "eventsource-parser": "^3.0.6"
      },
      "engines": {
        "node": ">=18"
      },
      "peerDependencies": {
        "zod": "^3.25.76 || ^4.1.8"
      }
    },
    "node_modules/@opencode-ai/plugin": {
      "version": "1.1.49",
      "resolved": "https://registry.npmjs.org/@opencode-ai/plugin/-/plugin-1.1.49.tgz",
      "integrity": "sha512-+FEE730fLJtoHCta5MXixOIzI9Cjos700QDNnAx6mA8YjFzO+kABnyqLQrCgZ9wUPJgiKH9bnHxT7AdRjWsNPw==",
      "license": "MIT",
      "peer": true,
      "dependencies": {
        "@opencode-ai/sdk": "1.1.49",
        "zod": "4.1.8"
      }
    },
    "node_modules/@opencode-ai/plugin/node_modules/zod": {
      "version": "4.1.8",
      "resolved": "https://registry.npmjs.org/zod/-/zod-4.1.8.tgz",
      "integrity": "sha512-5R1P+WwQqmmMIEACyzSvo4JXHY5WiAFHRMg+zBZKgKS+Q1viRa0C1hmUKtHltoIFKtIdki3pRxkmpP74jnNYHQ==",
      "license": "MIT",
      "peer": true,
      "funding": {
        "url": "https://github.com/sponsors/colinhacks"
      }
    },
    "node_modules/@opencode-ai/sdk": {
      "version": "1.1.49",
      "resolved": "https://registry.npmjs.org/@opencode-ai/sdk/-/sdk-1.1.49.tgz",
      "integrity": "sha512-F5ZkgiqOiV+z3U4zeBLvrmNZv5MwNFMTWM+HWhChD+/UEswIebQKk9UMz9lPX4fswexIJdFPwFI/TBdNyZfKMg==",
      "license": "MIT",
      "peer": true
    },
    "node_modules/@standard-schema/spec": {
      "version": "1.1.0",
      "resolved": "https://registry.npmjs.org/@standard-schema/spec/-/spec-1.1.0.tgz",
      "integrity": "sha512-l2aFy5jALhniG5HgqrD6jXLi/rUWrKvqN/qJx6yoJsgKhblVd+iqqU4RCXavm/jPityDo5TCvKMnpjKnOriy0w==",
      "license": "MIT"
    },
    "node_modules/@types/node": {
      "version": "22.19.8",
      "resolved": "https://registry.npmjs.org/@types/node/-/node-22.19.8.tgz",
      "integrity": "sha512-ebO/Yl+EAvVe8DnMfi+iaAyIqYdK0q/q0y0rw82INWEKJOBe6b/P3YWE8NW7oOlF/nXFNrHwhARrN/hdgDkraA==",
      "dev": true,
      "license": "MIT",
      "dependencies": {
        "undici-types": "~6.21.0"
      }
    },
    "node_modules/eventsource-parser": {
      "version": "3.0.6",
      "resolved": "https://registry.npmjs.org/eventsource-parser/-/eventsource-parser-3.0.6.tgz",
      "integrity": "sha512-Vo1ab+QXPzZ4tCa8SwIHJFaSzy4R6SHf7BY79rFBDf0idraZWAkYrDjDj8uWaSm3S2TK+hJ7/t1CEmZ7jXw+pg==",
      "license": "MIT",
      "engines": {
        "node": ">=18.0.0"
      }
    },
    "node_modules/json-schema": {
      "version": "0.4.0",
      "resolved": "https://registry.npmjs.org/json-schema/-/json-schema-0.4.0.tgz",
      "integrity": "sha512-es94M3nTIfsEPisRafak+HDLfHXnKBhV3vU5eqPcS3flIWqcxJWgXHXiey3YrpaNsanY5ei1VoYEbOzijuq9BA==",
      "license": "(AFL-2.1 OR BSD-3-Clause)"
    },
    "node_modules/typescript": {
      "version": "5.9.3",
      "resolved": "https://registry.npmjs.org/typescript/-/typescript-5.9.3.tgz",
      "integrity": "sha512-jl1vZzPDinLr9eUt3J/t7V6FgNEw9QjvBPdysz9KfQDD41fQrC2Y4vKQdiaUpFT4bXlb1RHhLpp8wtm6M5TgSw==",
      "dev": true,
      "license": "Apache-2.0",
      "bin": {
        "tsc": "bin/tsc",
        "tsserver": "bin/tsserver"
      },
      "engines": {
        "node": ">=14.17"
      }
    },
    "node_modules/undici-types": {
      "version": "6.21.0",
      "resolved": "https://registry.npmjs.org/undici-types/-/undici-types-6.21.0.tgz",
      "integrity": "sha512-iwDZqg0QAGrg9Rav5H4n0M64c3mkR59cJ6wQp+7C4nI0gsmExaedaYLNO44eT4AtBBwjbTiGPMlt2Md0T9H9JQ==",
      "dev": true,
      "license": "MIT"
    },
    "node_modules/zod": {
      "version": "4.3.6",
      "resolved": "https://registry.npmjs.org/zod/-/zod-4.3.6.tgz",
      "integrity": "sha512-rftlrkhHZOcjDwkGlnUtZZkvaPHCsDATp4pGpuOOMDaTdDDXF91wuVDJoWoPsKX/3YPQ5fHuF3STjcYyKr+Qhg==",
      "license": "MIT",
      "peer": true,
      "funding": {
        "url": "https://github.com/sponsors/colinhacks"
      }
    }
  }
}
